
Microsoft Visual Studio Solution File, Format Version 12.00
# Visual Studio Version 16
VisualStudioVersion = 16.0.29806.167
MinimumVisualStudioVersion = 10.0.40219.1
Project("{8BC9CEB8-8B4A-11D0-8D11-00A0C91BC942}") = "Zadanie 4 rozdział 6", "Zadanie 4 rozdział 6.vcxproj", "{BC5FA264-9BBA-4E9C-9EEC-7D8A733BDBD8}"
EndProject
Global
	GlobalSection(SolutionConfigurationPlatforms) = preSolution
		Debug|x64 = Debug|x64
		Debug|x86 = Debug|x86
		Release|x64 = Release|x64
		Release|x86 = Release|x86
	EndGlobalSection
	GlobalSection(ProjectConfigurationPlatforms) = postSolution
		{BC5FA264-9BBA-4E9C-9EEC-7D8A733BDBD8}.Debug|x64.ActiveCfg = Debug|x64
		{BC5FA264-9BBA-4E9C-9EEC-7D8A733BDBD8}.Debug|x64.Build.0 = Debug|x64
		{BC5FA264-9BBA-4E9C-9EEC-7D8A733BDBD8}.Debug|x86.ActiveCfg = Debug|Win32
		{BC5FA264-9BBA-4E9C-9EEC-7D8A733BDBD8}.Debug|x86.Build.0 = Debug|Win32
		{BC5FA264-9BBA-4E9C-9EEC-7D8A733BDBD8}.Release|x64.ActiveCfg = Release|x64
		{BC5FA264-9BBA-4E9C-9EEC-7D8A733BDBD8}.Release|x64.Build.0 = Release|x64
		{BC5FA264-9BBA-4E9C-9EEC-7D8A733BDBD8}.Release|x86.ActiveCfg = Release|Win32
		{BC5FA264-9BBA-4E9C-9EEC-7D8A733BDBD8}.Release|x86.Build.0 = Release|Win32
	EndGlobalSection
	GlobalSection(SolutionProperties) = preSolution
		HideSolutionNode = FALSE
	EndGlobalSection
	GlobalSection(ExtensibilityGlobals) = postSolution
		SolutionGuid = {2F417E9E-E2CA-4C7B-9728-8F74A5B51DEA}
	EndGlobalSection
EndGlobal
